// !$*UTF8*$!
{
	archiveVersion = 1;
	classes = {
	};
	objectVersion = 50;
	objects = {

/* Begin PBXBuildFile section */
		D93CB7A823F55CD300F869EF /* AppDelegate.swift in Sources */ = {isa = PBXBuildFile; fileRef = D93CB7A723F55CD300F869EF /* AppDelegate.swift */; };
		D93CB7AE23F55CD500F869EF /* Assets.xcassets in Resources */ = {isa = PBXBuildFile; fileRef = D93CB7AD23F55CD500F869EF /* Assets.xcassets */; };
		D93CB7B423F55CD500F869EF /* LaunchScreen.storyboard in Resources */ = {isa = PBXBuildFile; fileRef = D93CB7B223F55CD500F869EF /* LaunchScreen.storyboard */; };
		D93CB7BC23F55D5900F869EF /* ViewController.swift in Sources */ = {isa = PBXBuildFile; fileRef = D93CB7BB23F55D5900F869EF /* ViewController.swift */; };
		D93CB7C323F58AAC00F869EF /* Localizable.strings in Resources */ = {isa = PBXBuildFile; fileRef = D93CB7C523F58AAC00F869EF /* Localizable.strings */; };
		D93CB7C923F58D1100F869EF /* Localizable.stringsdict in Resources */ = {isa = PBXBuildFile; fileRef = D93CB7CB23F58D1100F869EF /* Localizable.stringsdict */; };
		D93CB7CF23F58F2800F869EF /* InfoPlist.strings in Resources */ = {isa = PBXBuildFile; fileRef = D93CB7D123F58F2800F869EF /* InfoPlist.strings */; };
/* End PBXBuildFile section */

/* Begin PBXFileReference section */
		D93CB7A423F55CD300F869EF /* Internationalizing.app */ = {isa = PBXFileReference; explicitFileType = wrapper.application; includeInIndex = 0; path = Internationalizing.app; sourceTree = BUILT_PRODUCTS_DIR; };
		D93CB7A723F55CD300F869EF /* AppDelegate.swift */ = {isa = PBXFileReference; lastKnownFileType = sourcecode.swift; path = AppDelegate.swift; sourceTree = "<group>"; };
		D93CB7AD23F55CD500F869EF /* Assets.xcassets */ = {isa = PBXFileReference; lastKnownFileType = folder.assetcatalog; path = Assets.xcassets; sourceTree = "<group>"; };
		D93CB7B323F55CD500F869EF /* Base */ = {isa = PBXFileReference; lastKnownFileType = file.storyboard; name = Base; path = Base.lproj/LaunchScreen.storyboard; sourceTree = "<group>"; };
		D93CB7B523F55CD500F869EF /* Info.plist */ = {isa = PBXFileReference; lastKnownFileType = text.plist.xml; path = Info.plist; sourceTree = "<group>"; };
		D93CB7BB23F55D5900F869EF /* ViewController.swift */ = {isa = PBXFileReference; lastKnownFileType = sourcecode.swift; path = ViewController.swift; sourceTree = "<group>"; };
		D93CB7C223F58A3500F869EF /* pt-BR */ = {isa = PBXFileReference; lastKnownFileType = file.storyboard; name = "pt-BR"; path = "pt-BR.lproj/LaunchScreen.storyboard"; sourceTree = "<group>"; };
		D93CB7C423F58AAC00F869EF /* en */ = {isa = PBXFileReference; lastKnownFileType = text.plist.strings; name = en; path = en.lproj/Localizable.strings; sourceTree = "<group>"; };
		D93CB7C623F58AB600F869EF /* pt-BR */ = {isa = PBXFileReference; lastKnownFileType = text.plist.strings; name = "pt-BR"; path = "pt-BR.lproj/Localizable.strings"; sourceTree = "<group>"; };
		D93CB7CA23F58D1100F869EF /* en */ = {isa = PBXFileReference; lastKnownFileType = text.plist.stringsdict; name = en; path = en.lproj/Localizable.stringsdict; sourceTree = "<group>"; };
		D93CB7CC23F58D1400F869EF /* pt-BR */ = {isa = PBXFileReference; lastKnownFileType = text.plist.stringsdict; name = "pt-BR"; path = "pt-BR.lproj/Localizable.stringsdict"; sourceTree = "<group>"; };
		D93CB7D023F58F2800F869EF /* en */ = {isa = PBXFileReference; lastKnownFileType = text.plist.strings; name = en; path = en.lproj/InfoPlist.strings; sourceTree = "<group>"; };
		D93CB7D223F58F2D00F869EF /* pt-BR */ = {isa = PBXFileReference; lastKnownFileType = text.plist.strings; name = "pt-BR"; path = "pt-BR.lproj/InfoPlist.strings"; sourceTree = "<group>"; };
/* End PBXFileReference section */

/* Begin PBXFrameworksBuildPhase section */
		D93CB7A123F55CD300F869EF /* Frameworks */ = {
			isa = PBXFrameworksBuildPhase;
			buildActionMask = 2147483647;
			files = (
			);
			runOnlyForDeploymentPostprocessing = 0;
		};
/* End PBXFrameworksBuildPhase section */

/* Begin PBXGroup section */
		D93CB79B23F55CD300F869EF = {
			isa = PBXGroup;
			children = (
				D93CB7A623F55CD300F869EF /* Internationalizing */,
				D93CB7A523F55CD300F869EF /* Products */,
			);
			sourceTree = "<group>";
		};
		D93CB7A523F55CD300F869EF /* Products */ = {
			isa = PBXGroup;
			children = (
				D93CB7A423F55CD300F869EF /* Internationalizing.app */,
			);
			name = Products;
			sourceTree = "<group>";
		};
		D93CB7A623F55CD300F869EF /* Internationalizing */ = {
			isa = PBXGroup;
			children = (
				D93CB7B523F55CD500F869EF /* Info.plist */,
				D93CB7D123F58F2800F869EF /* InfoPlist.strings */,
				D93CB7A723F55CD300F869EF /* AppDelegate.swift */,
				D93CB7BB23F55D5900F869EF /* ViewController.swift */,
				D93CB7AD23F55CD500F869EF /* Assets.xcassets */,
				D93CB7B223F55CD500F869EF /* LaunchScreen.storyboard */,
				D93CB7C523F58AAC00F869EF /* Localizable.strings */,
				D93CB7CB23F58D1100F869EF /* Localizable.stringsdict */,
			);
			path = Internationalizing;
			sourceTree = "<group>";
		};
/* End PBXGroup section */

/* Begin PBXNativeTarget section */
		D93CB7A323F55CD300F869EF /* Internationalizing */ = {
			isa = PBXNativeTarget;
			buildConfigurationList = D93CB7B823F55CD500F869EF /* Build configuration list for PBXNativeTarget "Internationalizing" */;
			buildPhases = (
				D93CB7A023F55CD300F869EF /* Sources */,
				D93CB7A123F55CD300F869EF /* Frameworks */,
				D93CB7A223F55CD300F869EF /* Resources */,
			);
			buildRules = (
			);
			dependencies = (
			);
			name = Internationalizing;
			productName = internacionalization;
			productReference = D93CB7A423F55CD300F869EF /* Internationalizing.app */;
			productType = "com.apple.product-type.application";
		};
/* End PBXNativeTarget section */

/* Begin PBXProject section */
		D93CB79C23F55CD300F869EF /* Project object */ = {
			isa = PBXProject;
			attributes = {
				LastSwiftUpdateCheck = 1130;
				LastUpgradeCheck = 1130;
				ORGANIZATIONNAME = emer;
				TargetAttributes = {
					D93CB7A323F55CD300F869EF = {
						CreatedOnToolsVersion = 11.3.1;
					};
				};
			};
			buildConfigurationList = D93CB79F23F55CD300F869EF /* Build configuration list for PBXProject "Internationalizing" */;
			compatibilityVersion = "Xcode 9.3";
			developmentRegion = en;
			hasScannedForEncodings = 0;
			knownRegions = (
				en,
				Base,
				"pt-BR",
			);
			mainGroup = D93CB79B23F55CD300F869EF;
			productRefGroup = D93CB7A523F55CD300F869EF /* Products */;
			projectDirPath = "";
			projectRoot = "";
			targets = (
				D93CB7A323F55CD300F869EF /* Internationalizing */,
			);
		};
/* End PBXProject section */

/* Begin PBXResourcesBuildPhase section */
		D93CB7A223F55CD300F869EF /* Resources */ = {
			isa = PBXResourcesBuildPhase;
			buildActionMask = 2147483647;
			files = (
				D93CB7B423F55CD500F869EF /* LaunchScreen.storyboard in Resources */,
				D93CB7C923F58D1100F869EF /* Localizable.stringsdict in Resources */,
				D93CB7C323F58AAC00F869EF /* Localizable.strings in Resources */,
				D93CB7AE23F55CD500F869EF /* Assets.xcassets in Resources */,
				D93CB7CF23F58F2800F869EF /* InfoPlist.strings in Resources */,
			);
			runOnlyForDeploymentPostprocessing = 0;
		};
/* End PBXResourcesBuildPhase section */

/* Begin PBXSourcesBuildPhase section */
		D93CB7A023F55CD300F869EF /* Sources */ = {
			isa = PBXSourcesBuildPhase;
			buildActionMask = 2147483647;
			files = (
				D93CB7BC23F55D5900F869EF /* ViewController.swift in Sources */,
				D93CB7A823F55CD300F869EF /* AppDelegate.swift in Sources */,
			);
			runOnlyForDeploymentPostprocessing = 0;
		};
/* End PBXSourcesBuildPhase section */

/* Begin PBXVariantGroup section */
		D93CB7B223F55CD500F869EF /* LaunchScreen.storyboard */ = {
			isa = PBXVariantGroup;
			children = (
				D93CB7B323F55CD500F869EF /* Base */,
				D93CB7C223F58A3500F869EF /* pt-BR */,
			);
			name = LaunchScreen.storyboard;
			sourceTree = "<group>";
		};
		D93CB7C523F58AAC00F869EF /* Localizable.strings */ = {
			isa = PBXVariantGroup;
			children = (
				D93CB7C423F58AAC00F869EF /* en */,
				D93CB7C623F58AB600F869EF /* pt-BR */,
			);
			name = Localizable.strings;
			sourceTree = "<group>";
		};
		D93CB7CB23F58D1100F869EF /* Localizable.stringsdict */ = {
			isa = PBXVariantGroup;
			children = (
				D93CB7CA23F58D1100F869EF /* en */,
				D93CB7CC23F58D1400F869EF /* pt-BR */,
			);
			name = Localizable.stringsdict;
			sourceTree = "<group>";
		};
		D93CB7D123F58F2800F869EF /* InfoPlist.strings */ = {
			isa = PBXVariantGroup;
			children = (
				D93CB7D023F58F2800F869EF /* en */,
				D93CB7D223F58F2D00F869EF /* pt-BR */,
			);
			name = InfoPlist.strings;
			sourceTree = "<group>";
		};
/* End PBXVariantGroup section */

/* Begin XCBuildConfiguration section */
		D93CB7B623F55CD500F869EF /* Debug */ = {
			isa = XCBuildConfiguration;
			buildSettings = {
				ALWAYS_SEARCH_USER_PATHS = NO;
				CLANG_ANALYZER_LOCALIZABILITY_NONLOCALIZED = YES;
				CLANG_ANALYZER_NONNULL = YES;
				CLANG_ANALYZER_NUMBER_OBJECT_CONVERSION = YES_AGGRESSIVE;
				CLANG_CXX_LANGUAGE_STANDARD = "gnu++14";
				CLANG_CXX_LIBRARY = "libc++";
				CLANG_ENABLE_MODULES = YES;
				CLANG_ENABLE_OBJC_ARC = YES;
				CLANG_ENABLE_OBJC_WEAK = YES;
				CLANG_WARN_BLOCK_CAPTURE_AUTORELEASING = YES;
				CLANG_WARN_BOOL_CONVERSION = YES;
				CLANG_WARN_COMMA = YES;
				CLANG_WARN_CONSTANT_CONVERSION = YES;
				CLANG_WARN_DEPRECATED_OBJC_IMPLEMENTATIONS = YES;
				CLANG_WARN_DIRECT_OBJC_ISA_USAGE = YES_ERROR;
				CLANG_WARN_DOCUMENTATION_COMMENTS = YES;
				CLANG_WARN_EMPTY_BODY = YES;
				CLANG_WARN_ENUM_CONVERSION = YES;
				CLANG_WARN_INFINITE_RECURSION = YES;
				CLANG_WARN_INT_CONVERSION = YES;
				CLANG_WARN_NON_LITERAL_NULL_CONVERSION = YES;
				CLANG_WARN_OBJC_IMPLICIT_RETAIN_SELF = YES;
				CLANG_WARN_OBJC_LITERAL_CONVERSION = YES;
				CLANG_WARN_OBJC_ROOT_CLASS = YES_ERROR;
				CLANG_WARN_RANGE_LOOP_ANALYSIS = YES;
				CLANG_WARN_STRICT_PROTOTYPES = YES;
				CLANG_WARN_SUSPICIOUS_MOVE = YES;
				CLANG_WARN_UNGUARDED_AVAILABILITY = YES_AGGRESSIVE;
				CLANG_WARN_UNREACHABLE_CODE = YES;
				CLANG_WARN__DUPLICATE_METHOD_MATCH = YES;
				COPY_PHASE_STRIP = NO;
				DEBUG_INFORMATION_FORMAT = dwarf;
				ENABLE_STRICT_OBJC_MSGSEND = YES;
				ENABLE_TESTABILITY = YES;
				GCC_C_LANGUAGE_STANDARD = gnu11;
				GCC_DYNAMIC_NO_PIC = NO;
				GCC_NO_COMMON_BLOCKS = YES;
				GCC_OPTIMIZATION_LEVEL = 0;
				GCC_PREPROCESSOR_DEFINITIONS = (
					"DEBUG=1",
					"$(inherited)",
				);
				GCC_WARN_64_TO_32_BIT_CONVERSION = YES;
				GCC_WARN_ABOUT_RETURN_TYPE = YES_ERROR;
				GCC_WARN_UNDECLARED_SELECTOR = YES;
				GCC_WARN_UNINITIALIZED_AUTOS = YES_AGGRESSIVE;
				GCC_WARN_UNUSED_FUNCTION = YES;
				GCC_WARN_UNUSED_VARIABLE = YES;
				IPHONEOS_DEPLOYMENT_TARGET = 13.2;
				MTL_ENABLE_DEBUG_INFO = INCLUDE_SOURCE;
				MTL_FAST_MATH = YES;
				ONLY_ACTIVE_ARCH = YES;
				SDKROOT = iphoneos;
				SWIFT_ACTIVE_COMPILATION_CONDITIONS = DEBUG;
				SWIFT_OPTIMIZATION_LEVEL = "-Onone";
			};
			name = Debug;
		};
		D93CB7B723F55CD500F869EF /* Release */ = {
			isa = XCBuildConfiguration;
			buildSettings = {
				ALWAYS_SEARCH_USER_PATHS = NO;
				CLANG_ANALYZER_LOCALIZABILITY_NONLOCALIZED = YES;
				CLANG_ANALYZER_NONNULL = YES;
				CLANG_ANALYZER_NUMBER_OBJECT_CONVERSION = YES_AGGRESSIVE;
				CLANG_CXX_LANGUAGE_STANDARD = "gnu++14";
				CLANG_CXX_LIBRARY = "libc++";
				CLANG_ENABLE_MODULES = YES;
				CLANG_ENABLE_OBJC_ARC = YES;
				CLANG_ENABLE_OBJC_WEAK = YES;
				CLANG_WARN_BLOCK_CAPTURE_AUTORELEASING = YES;
				CLANG_WARN_BOOL_CONVERSION = YES;
				CLANG_WARN_COMMA = YES;
				CLANG_WARN_CONSTANT_CONVERSION = YES;
				CLANG_WARN_DEPRECATED_OBJC_IMPLEMENTATIONS = YES;
				CLANG_WARN_DIRECT_OBJC_ISA_USAGE = YES_ERROR;
				CLANG_WARN_DOCUMENTATION_COMMENTS = YES;
				CLANG_WARN_EMPTY_BODY = YES;
				CLANG_WARN_ENUM_CONVERSION = YES;
				CLANG_WARN_INFINITE_RECURSION = YES;
				CLANG_WARN_INT_CONVERSION = YES;
				CLANG_WARN_NON_LITERAL_NULL_CONVERSION = YES;
				CLANG_WARN_OBJC_IMPLICIT_RETAIN_SELF = YES;
				CLANG_WARN_OBJC_LITERAL_CONVERSION = YES;
				CLANG_WARN_OBJC_ROOT_CLASS = YES_ERROR;
				CLANG_WARN_RANGE_LOOP_ANALYSIS = YES;
				CLANG_WARN_STRICT_PROTOTYPES = YES;
				CLANG_WARN_SUSPICIOUS_MOVE = YES;
				CLANG_WARN_UNGUARDED_AVAILABILITY = YES_AGGRESSIVE;
				CLANG_WARN_UNREACHABLE_CODE = YES;
				CLANG_WARN__DUPLICATE_METHOD_MATCH = YES;
				COPY_PHASE_STRIP = NO;
				DEBUG_INFORMATION_FORMAT = "dwarf-with-dsym";
				ENABLE_NS_ASSERTIONS = NO;
				ENABLE_STRICT_OBJC_MSGSEND = YES;
				GCC_C_LANGUAGE_STANDARD = gnu11;
				GCC_NO_COMMON_BLOCKS = YES;
				GCC_WARN_64_TO_32_BIT_CONVERSION = YES;
				GCC_WARN_ABOUT_RETURN_TYPE = YES_ERROR;
				GCC_WARN_UNDECLARED_SELECTOR = YES;
				GCC_WARN_UNINITIALIZED_AUTOS = YES_AGGRESSIVE;
				GCC_WARN_UNUSED_FUNCTION = YES;
				GCC_WARN_UNUSED_VARIABLE = YES;
				IPHONEOS_DEPLOYMENT_TARGET = 13.2;
				MTL_ENABLE_DEBUG_INFO = NO;
				MTL_FAST_MATH = YES;
				SDKROOT = iphoneos;
				SWIFT_COMPILATION_MODE = wholemodule;
				SWIFT_OPTIMIZATION_LEVEL = "-O";
				VALIDATE_PRODUCT = YES;
			};
			name = Release;
		};
		D93CB7B923F55CD500F869EF /* Debug */ = {
			isa = XCBuildConfiguration;
			buildSettings = {
				ASSETCATALOG_COMPILER_APPICON_NAME = AppIcon;
				CODE_SIGN_STYLE = Automatic;
				DEVELOPMENT_TEAM = XP4ML92KUD;
				ENABLE_PREVIEWS = YES;
				INFOPLIST_FILE = Internationalizing/Info.plist;
				LD_RUNPATH_SEARCH_PATHS = (
					"$(inherited)",
					"@executable_path/Frameworks",
				);
				PRODUCT_BUNDLE_IDENTIFIER = com.emer.internacionalization;
				PRODUCT_NAME = "$(TARGET_NAME)";
				SWIFT_VERSION = 5.0;
				TARGETED_DEVICE_FAMILY = "1,2";
			};
			name = Debug;
		};
		D93CB7BA23F55CD500F869EF /* Release */ = {
			isa = XCBuildConfiguration;
			buildSettings = {
				ASSETCATALOG_COMPILER_APPICON_NAME = AppIcon;
				CODE_SIGN_STYLE = Automatic;
				DEVELOPMENT_TEAM = XP4ML92KUD;
				ENABLE_PREVIEWS = YES;
				INFOPLIST_FILE = Internationalizing/Info.plist;
				LD_RUNPATH_SEARCH_PATHS = (
					"$(inherited)",
					"@executable_path/Frameworks",
				);
				PRODUCT_BUNDLE_IDENTIFIER = com.emer.internacionalization;
				PRODUCT_NAME = "$(TARGET_NAME)";
				SWIFT_VERSION = 5.0;
				TARGETED_DEVICE_FAMILY = "1,2";
			};
			name = Release;
		};
/* End XCBuildConfiguration section */

/* Begin XCConfigurationList section */
		D93CB79F23F55CD300F869EF /* Build configuration list for PBXProject "Internationalizing" */ = {
			isa = XCConfigurationList;
			buildConfigurations = (
				D93CB7B623F55CD500F869EF /* Debug */,
				D93CB7B723F55CD500F869EF /* Release */,
			);
			defaultConfigurationIsVisible = 0;
			defaultConfigurationName = Release;
		};
		D93CB7B823F55CD500F869EF /* Build configuration list for PBXNativeTarget "Internationalizing" */ = {
			isa = XCConfigurationList;
			buildConfigurations = (
				D93CB7B923F55CD500F869EF /* Debug */,
				D93CB7BA23F55CD500F869EF /* Release */,
			);
			defaultConfigurationIsVisible = 0;
			defaultConfigurationName = Release;
		};
/* End XCConfigurationList section */
	};
	rootObject = D93CB79C23F55CD300F869EF /* Project object */;
}
